
Microsoft Visual Studio Solution File, Format Version 12.00
# Visual Studio 2012
Project("{FAE04EC0-301F-11D3-BF4B-00C04F79EFBC}") = "slimWallet.Android", "slimWallet.Android\slimWallet.Android.csproj", "{D3EC1B65-B52E-4840-A217-D030C05880EA}"
EndProject
Project("{FAE04EC0-301F-11D3-BF4B-00C04F79EFBC}") = "slimWallet.iOS", "slimWallet.iOS\slimWallet.iOS.csproj", "{1C748EB7-5F5B-44F6-8AB7-5A4D4A7F37FD}"
EndProject
Project("{FAE04EC0-301F-11D3-BF4B-00C04F79EFBC}") = "slimWallet", "slimWallet\slimWallet.csproj", "{1E5E2BF4-6FC0-4ABA-81EF-0BC3560B221F}"
EndProject
Global
	GlobalSection(SolutionConfigurationPlatforms) = preSolution
		Debug|Any CPU = Debug|Any CPU
		Release|Any CPU = Release|Any CPU
		Debug|iPhoneSimulator = Debug|iPhoneSimulator
		Release|iPhoneSimulator = Release|iPhoneSimulator
		Debug|iPhone = Debug|iPhone
		Release|iPhone = Release|iPhone
		Ad-Hoc|iPhone = Ad-Hoc|iPhone
		AppStore|iPhone = AppStore|iPhone
	EndGlobalSection
	GlobalSection(ProjectConfigurationPlatforms) = postSolution
		{D3EC1B65-B52E-4840-A217-D030C05880EA}.Debug|Any CPU.ActiveCfg = Debug|Any CPU
		{D3EC1B65-B52E-4840-A217-D030C05880EA}.Debug|Any CPU.Build.0 = Debug|Any CPU
		{D3EC1B65-B52E-4840-A217-D030C05880EA}.Release|Any CPU.ActiveCfg = Release|Any CPU
		{D3EC1B65-B52E-4840-A217-D030C05880EA}.Release|Any CPU.Build.0 = Release|Any CPU
		{D3EC1B65-B52E-4840-A217-D030C05880EA}.Debug|iPhoneSimulator.ActiveCfg = Debug|Any CPU
		{D3EC1B65-B52E-4840-A217-D030C05880EA}.Debug|iPhoneSimulator.Build.0 = Debug|Any CPU
		{D3EC1B65-B52E-4840-A217-D030C05880EA}.Release|iPhoneSimulator.ActiveCfg = Release|Any CPU
		{D3EC1B65-B52E-4840-A217-D030C05880EA}.Release|iPhoneSimulator.Build.0 = Release|Any CPU
		{D3EC1B65-B52E-4840-A217-D030C05880EA}.Debug|iPhone.ActiveCfg = Debug|Any CPU
		{D3EC1B65-B52E-4840-A217-D030C05880EA}.Debug|iPhone.Build.0 = Debug|Any CPU
		{D3EC1B65-B52E-4840-A217-D030C05880EA}.Release|iPhone.ActiveCfg = Release|Any CPU
		{D3EC1B65-B52E-4840-A217-D030C05880EA}.Release|iPhone.Build.0 = Release|Any CPU
		{D3EC1B65-B52E-4840-A217-D030C05880EA}.Ad-Hoc|iPhone.ActiveCfg = Debug|Any CPU
		{D3EC1B65-B52E-4840-A217-D030C05880EA}.Ad-Hoc|iPhone.Build.0 = Debug|Any CPU
		{D3EC1B65-B52E-4840-A217-D030C05880EA}.AppStore|iPhone.ActiveCfg = Debug|Any CPU
		{D3EC1B65-B52E-4840-A217-D030C05880EA}.AppStore|iPhone.Build.0 = Debug|Any CPU
		{1C748EB7-5F5B-44F6-8AB7-5A4D4A7F37FD}.Debug|Any CPU.ActiveCfg = Debug|iPhoneSimulator
		{1C748EB7-5F5B-44F6-8AB7-5A4D4A7F37FD}.Debug|Any CPU.Build.0 = Debug|iPhoneSimulator
		{1C748EB7-5F5B-44F6-8AB7-5A4D4A7F37FD}.Release|Any CPU.ActiveCfg = Release|iPhoneSimulator
		{1C748EB7-5F5B-44F6-8AB7-5A4D4A7F37FD}.Release|Any CPU.Build.0 = Release|iPhoneSimulator
		{1C748EB7-5F5B-44F6-8AB7-5A4D4A7F37FD}.Debug|iPhoneSimulator.ActiveCfg = Debug|iPhoneSimulator
		{1C748EB7-5F5B-44F6-8AB7-5A4D4A7F37FD}.Debug|iPhoneSimulator.Build.0 = Debug|iPhoneSimulator
		{1C748EB7-5F5B-44F6-8AB7-5A4D4A7F37FD}.Release|iPhoneSimulator.ActiveCfg = Release|iPhoneSimulator
		{1C748EB7-5F5B-44F6-8AB7-5A4D4A7F37FD}.Release|iPhoneSimulator.Build.0 = Release|iPhoneSimulator
		{1C748EB7-5F5B-44F6-8AB7-5A4D4A7F37FD}.Debug|iPhone.ActiveCfg = Debug|iPhone
		{1C748EB7-5F5B-44F6-8AB7-5A4D4A7F37FD}.Debug|iPhone.Build.0 = Debug|iPhone
		{1C748EB7-5F5B-44F6-8AB7-5A4D4A7F37FD}.Release|iPhone.ActiveCfg = Release|iPhone
		{1C748EB7-5F5B-44F6-8AB7-5A4D4A7F37FD}.Release|iPhone.Build.0 = Release|iPhone
		{1C748EB7-5F5B-44F6-8AB7-5A4D4A7F37FD}.Ad-Hoc|iPhone.ActiveCfg = Ad-Hoc|iPhone
		{1C748EB7-5F5B-44F6-8AB7-5A4D4A7F37FD}.Ad-Hoc|iPhone.Build.0 = Ad-Hoc|iPhone
		{1C748EB7-5F5B-44F6-8AB7-5A4D4A7F37FD}.AppStore|iPhone.ActiveCfg = AppStore|iPhone
		{1C748EB7-5F5B-44F6-8AB7-5A4D4A7F37FD}.AppStore|iPhone.Build.0 = AppStore|iPhone
		{1E5E2BF4-6FC0-4ABA-81EF-0BC3560B221F}.Debug|Any CPU.ActiveCfg = Debug|Any CPU
		{1E5E2BF4-6FC0-4ABA-81EF-0BC3560B221F}.Debug|Any CPU.Build.0 = Debug|Any CPU
		{1E5E2BF4-6FC0-4ABA-81EF-0BC3560B221F}.Release|Any CPU.ActiveCfg = Release|Any CPU
		{1E5E2BF4-6FC0-4ABA-81EF-0BC3560B221F}.Release|Any CPU.Build.0 = Release|Any CPU
		{1E5E2BF4-6FC0-4ABA-81EF-0BC3560B221F}.Debug|iPhoneSimulator.ActiveCfg = Debug|Any CPU
		{1E5E2BF4-6FC0-4ABA-81EF-0BC3560B221F}.Debug|iPhoneSimulator.Build.0 = Debug|Any CPU
		{1E5E2BF4-6FC0-4ABA-81EF-0BC3560B221F}.Release|iPhoneSimulator.ActiveCfg = Release|Any CPU
		{1E5E2BF4-6FC0-4ABA-81EF-0BC3560B221F}.Release|iPhoneSimulator.Build.0 = Release|Any CPU
		{1E5E2BF4-6FC0-4ABA-81EF-0BC3560B221F}.Debug|iPhone.ActiveCfg = Debug|Any CPU
		{1E5E2BF4-6FC0-4ABA-81EF-0BC3560B221F}.Debug|iPhone.Build.0 = Debug|Any CPU
		{1E5E2BF4-6FC0-4ABA-81EF-0BC3560B221F}.Release|iPhone.ActiveCfg = Release|Any CPU
		{1E5E2BF4-6FC0-4ABA-81EF-0BC3560B221F}.Release|iPhone.Build.0 = Release|Any CPU
		{1E5E2BF4-6FC0-4ABA-81EF-0BC3560B221F}.Ad-Hoc|iPhone.ActiveCfg = Debug|Any CPU
		{1E5E2BF4-6FC0-4ABA-81EF-0BC3560B221F}.Ad-Hoc|iPhone.Build.0 = Debug|Any CPU
		{1E5E2BF4-6FC0-4ABA-81EF-0BC3560B221F}.AppStore|iPhone.ActiveCfg = Debug|Any CPU
		{1E5E2BF4-6FC0-4ABA-81EF-0BC3560B221F}.AppStore|iPhone.Build.0 = Debug|Any CPU
	EndGlobalSection
EndGlobal
